
Microsoft Visual Studio Solution File, Format Version 12.00
# Visual Studio Version 17
VisualStudioVersion = 17.8.34511.84
MinimumVisualStudioVersion = 10.0.40219.1
Project("{FAE04EC0-301F-11D3-BF4B-00C04F79EFBC}") = "EnglishTurkishSentenceApp", "EnglishTurkishSentenceApp\EnglishTurkishSentenceApp.csproj", "{1B8F4AB7-C8ED-49D1-8DB1-660CD2E2083F}"
EndProject
Global
	GlobalSection(SolutionConfigurationPlatforms) = preSolution
		Debug|Any CPU = Debug|Any CPU
		Release|Any CPU = Release|Any CPU
	EndGlobalSection
	GlobalSection(ProjectConfigurationPlatforms) = postSolution
		{1B8F4AB7-C8ED-49D1-8DB1-660CD2E2083F}.Debug|Any CPU.ActiveCfg = Debug|Any CPU
		{1B8F4AB7-C8ED-49D1-8DB1-660CD2E2083F}.Debug|Any CPU.Build.0 = Debug|Any CPU
		{1B8F4AB7-C8ED-49D1-8DB1-660CD2E2083F}.Release|Any CPU.ActiveCfg = Release|Any CPU
		{1B8F4AB7-C8ED-49D1-8DB1-660CD2E2083F}.Release|Any CPU.Build.0 = Release|Any CPU
	EndGlobalSection
	GlobalSection(SolutionProperties) = preSolution
		HideSolutionNode = FALSE
	EndGlobalSection
	GlobalSection(ExtensibilityGlobals) = postSolution
		SolutionGuid = {0E517D7B-AFB0-474E-BE10-E02514DE6A45}
	EndGlobalSection
EndGlobal
